
Microsoft Visual Studio Solution File, Format Version 12.00
# Visual Studio Version 16
VisualStudioVersion = 16.0.31911.196
MinimumVisualStudioVersion = 10.0.40219.1
Project("{FAE04EC0-301F-11D3-BF4B-00C04F79EFBC}") = "WindowsFormsApp1", "WindowsFormsApp1.csproj", "{5A5597E8-5E1B-4155-91D6-BB85192257FE}"
EndProject
Global
	GlobalSection(SolutionConfigurationPlatforms) = preSolution
		Debug|Any CPU = Debug|Any CPU
		Release|Any CPU = Release|Any CPU
	EndGlobalSection
	GlobalSection(ProjectConfigurationPlatforms) = postSolution
		{5A5597E8-5E1B-4155-91D6-BB85192257FE}.Debug|Any CPU.ActiveCfg = Debug|Any CPU
		{5A5597E8-5E1B-4155-91D6-BB85192257FE}.Debug|Any CPU.Build.0 = Debug|Any CPU
		{5A5597E8-5E1B-4155-91D6-BB85192257FE}.Release|Any CPU.ActiveCfg = Release|Any CPU
		{5A5597E8-5E1B-4155-91D6-BB85192257FE}.Release|Any CPU.Build.0 = Release|Any CPU
	EndGlobalSection
	GlobalSection(SolutionProperties) = preSolution
		HideSolutionNode = FALSE
	EndGlobalSection
	GlobalSection(ExtensibilityGlobals) = postSolution
		SolutionGuid = {A71D0C6B-D061-4213-865F-210E2B6F09C3}
	EndGlobalSection
EndGlobal
